
Microsoft Visual Studio Solution File, Format Version 12.00
# Visual Studio Version 16
VisualStudioVersion = 16.0.30804.86
MinimumVisualStudioVersion = 10.0.40219.1
Project("{9A19103F-16F7-4668-BE54-9A1E7A4F7556}") = "KampIntro", "KampIntro\KampIntro.csproj", "{5FB9DE7E-0187-47C4-A8B3-13D5D3BAA6DE}"
EndProject
Project("{9A19103F-16F7-4668-BE54-9A1E7A4F7556}") = "Donguler", "Donguler\Donguler.csproj", "{87000999-FAF1-41C0-BF30-B7882413004E}"
EndProject
Project("{9A19103F-16F7-4668-BE54-9A1E7A4F7556}") = "ClassIntro", "ClassIntro\ClassIntro.csproj", "{B3694D4F-0331-4284-AAEF-2CD96BBB9476}"
EndProject
Project("{9A19103F-16F7-4668-BE54-9A1E7A4F7556}") = "Metotlar", "Metotlar\Metotlar.csproj", "{F916C55C-68CA-414B-8D65-86F824C9FE7C}"
EndProject
Project("{9A19103F-16F7-4668-BE54-9A1E7A4F7556}") = "Matematik", "Matematik\Matematik.csproj", "{97475140-C451-462A-BF0D-C51C82C97065}"
EndProject
Project("{9A19103F-16F7-4668-BE54-9A1E7A4F7556}") = "DegerVeReferansTipler", "DegerVeReferansTipler\DegerVeReferansTipler.csproj", "{CD0071EE-A640-4DD8-AC91-EE74FB025223}"
EndProject
Project("{9A19103F-16F7-4668-BE54-9A1E7A4F7556}") = "OOP1", "OOP1\OOP1.csproj", "{C6C125A4-44C7-4BAF-8185-592AB62543ED}"
EndProject
Project("{9A19103F-16F7-4668-BE54-9A1E7A4F7556}") = "Koleksiyonlar", "Koleksiyonlar\Koleksiyonlar.csproj", "{CBECDD86-3D48-42DD-B180-9E39E9C048AD}"
EndProject
Project("{9A19103F-16F7-4668-BE54-9A1E7A4F7556}") = "GenericsIntro", "GenericsIntro\GenericsIntro.csproj", "{B1D5D80A-0A9F-4114-89DE-CB86D94B88B4}"
EndProject
Project("{FAE04EC0-301F-11D3-BF4B-00C04F79EFBC}") = "Constructors", "Constructors\Constructors.csproj", "{F90B8AB7-7D7B-409E-A482-893C702C0DDC}"
EndProject
Project("{FAE04EC0-301F-11D3-BF4B-00C04F79EFBC}") = "GenericsYoutube", "GenericsYoutube\GenericsYoutube.csproj", "{877BFED9-E96D-4021-961A-B7C207C66390}"
EndProject
Global
	GlobalSection(SolutionConfigurationPlatforms) = preSolution
		Debug|Any CPU = Debug|Any CPU
		Release|Any CPU = Release|Any CPU
	EndGlobalSection
	GlobalSection(ProjectConfigurationPlatforms) = postSolution
		{5FB9DE7E-0187-47C4-A8B3-13D5D3BAA6DE}.Debug|Any CPU.ActiveCfg = Debug|Any CPU
		{5FB9DE7E-0187-47C4-A8B3-13D5D3BAA6DE}.Debug|Any CPU.Build.0 = Debug|Any CPU
		{5FB9DE7E-0187-47C4-A8B3-13D5D3BAA6DE}.Release|Any CPU.ActiveCfg = Release|Any CPU
		{5FB9DE7E-0187-47C4-A8B3-13D5D3BAA6DE}.Release|Any CPU.Build.0 = Release|Any CPU
		{87000999-FAF1-41C0-BF30-B7882413004E}.Debug|Any CPU.ActiveCfg = Debug|Any CPU
		{87000999-FAF1-41C0-BF30-B7882413004E}.Debug|Any CPU.Build.0 = Debug|Any CPU
		{87000999-FAF1-41C0-BF30-B7882413004E}.Release|Any CPU.ActiveCfg = Release|Any CPU
		{87000999-FAF1-41C0-BF30-B7882413004E}.Release|Any CPU.Build.0 = Release|Any CPU
		{B3694D4F-0331-4284-AAEF-2CD96BBB9476}.Debug|Any CPU.ActiveCfg = Debug|Any CPU
		{B3694D4F-0331-4284-AAEF-2CD96BBB9476}.Debug|Any CPU.Build.0 = Debug|Any CPU
		{B3694D4F-0331-4284-AAEF-2CD96BBB9476}.Release|Any CPU.ActiveCfg = Release|Any CPU
		{B3694D4F-0331-4284-AAEF-2CD96BBB9476}.Release|Any CPU.Build.0 = Release|Any CPU
		{F916C55C-68CA-414B-8D65-86F824C9FE7C}.Debug|Any CPU.ActiveCfg = Debug|Any CPU
		{F916C55C-68CA-414B-8D65-86F824C9FE7C}.Debug|Any CPU.Build.0 = Debug|Any CPU
		{F916C55C-68CA-414B-8D65-86F824C9FE7C}.Release|Any CPU.ActiveCfg = Release|Any CPU
		{F916C55C-68CA-414B-8D65-86F824C9FE7C}.Release|Any CPU.Build.0 = Release|Any CPU
		{97475140-C451-462A-BF0D-C51C82C97065}.Debug|Any CPU.ActiveCfg = Debug|Any CPU
		{97475140-C451-462A-BF0D-C51C82C97065}.Debug|Any CPU.Build.0 = Debug|Any CPU
		{97475140-C451-462A-BF0D-C51C82C97065}.Release|Any CPU.ActiveCfg = Release|Any CPU
		{97475140-C451-462A-BF0D-C51C82C97065}.Release|Any CPU.Build.0 = Release|Any CPU
		{CD0071EE-A640-4DD8-AC91-EE74FB025223}.Debug|Any CPU.ActiveCfg = Debug|Any CPU
		{CD0071EE-A640-4DD8-AC91-EE74FB025223}.Debug|Any CPU.Build.0 = Debug|Any CPU
		{CD0071EE-A640-4DD8-AC91-EE74FB025223}.Release|Any CPU.ActiveCfg = Release|Any CPU
		{CD0071EE-A640-4DD8-AC91-EE74FB025223}.Release|Any CPU.Build.0 = Release|Any CPU
		{C6C125A4-44C7-4BAF-8185-592AB62543ED}.Debug|Any CPU.ActiveCfg = Debug|Any CPU
		{C6C125A4-44C7-4BAF-8185-592AB62543ED}.Debug|Any CPU.Build.0 = Debug|Any CPU
		{C6C125A4-44C7-4BAF-8185-592AB62543ED}.Release|Any CPU.ActiveCfg = Release|Any CPU
		{C6C125A4-44C7-4BAF-8185-592AB62543ED}.Release|Any CPU.Build.0 = Release|Any CPU
		{CBECDD86-3D48-42DD-B180-9E39E9C048AD}.Debug|Any CPU.ActiveCfg = Debug|Any CPU
		{CBECDD86-3D48-42DD-B180-9E39E9C048AD}.Debug|Any CPU.Build.0 = Debug|Any CPU
		{CBECDD86-3D48-42DD-B180-9E39E9C048AD}.Release|Any CPU.ActiveCfg = Release|Any CPU
		{CBECDD86-3D48-42DD-B180-9E39E9C048AD}.Release|Any CPU.Build.0 = Release|Any CPU
		{B1D5D80A-0A9F-4114-89DE-CB86D94B88B4}.Debug|Any CPU.ActiveCfg = Debug|Any CPU
		{B1D5D80A-0A9F-4114-89DE-CB86D94B88B4}.Debug|Any CPU.Build.0 = Debug|Any CPU
		{B1D5D80A-0A9F-4114-89DE-CB86D94B88B4}.Release|Any CPU.ActiveCfg = Release|Any CPU
		{B1D5D80A-0A9F-4114-89DE-CB86D94B88B4}.Release|Any CPU.Build.0 = Release|Any CPU
		{F90B8AB7-7D7B-409E-A482-893C702C0DDC}.Debug|Any CPU.ActiveCfg = Debug|Any CPU
		{F90B8AB7-7D7B-409E-A482-893C702C0DDC}.Debug|Any CPU.Build.0 = Debug|Any CPU
		{F90B8AB7-7D7B-409E-A482-893C702C0DDC}.Release|Any CPU.ActiveCfg = Release|Any CPU
		{F90B8AB7-7D7B-409E-A482-893C702C0DDC}.Release|Any CPU.Build.0 = Release|Any CPU
		{877BFED9-E96D-4021-961A-B7C207C66390}.Debug|Any CPU.ActiveCfg = Debug|Any CPU
		{877BFED9-E96D-4021-961A-B7C207C66390}.Debug|Any CPU.Build.0 = Debug|Any CPU
		{877BFED9-E96D-4021-961A-B7C207C66390}.Release|Any CPU.ActiveCfg = Release|Any CPU
		{877BFED9-E96D-4021-961A-B7C207C66390}.Release|Any CPU.Build.0 = Release|Any CPU
	EndGlobalSection
	GlobalSection(SolutionProperties) = preSolution
		HideSolutionNode = FALSE
	EndGlobalSection
	GlobalSection(ExtensibilityGlobals) = postSolution
		SolutionGuid = {583D43EB-8EA0-4411-AE85-38B3053FFAF7}
	EndGlobalSection
EndGlobal
